
Microsoft Visual Studio Solution File, Format Version 12.00
# Visual Studio Version 17
VisualStudioVersion = 17.14.36408.4 d17.14
MinimumVisualStudioVersion = 10.0.40219.1
Project("{FAE04EC0-301F-11D3-BF4B-00C04F79EFBC}") = "ProgrammaDerivate", "ProgrammaDerivate\ProgrammaDerivate.csproj", "{35F94A80-F498-4E96-A0A1-64A23E59C73B}"
EndProject
Global
	GlobalSection(SolutionConfigurationPlatforms) = preSolution
		Debug|Any CPU = Debug|Any CPU
		Release|Any CPU = Release|Any CPU
	EndGlobalSection
	GlobalSection(ProjectConfigurationPlatforms) = postSolution
		{35F94A80-F498-4E96-A0A1-64A23E59C73B}.Debug|Any CPU.ActiveCfg = Debug|Any CPU
		{35F94A80-F498-4E96-A0A1-64A23E59C73B}.Debug|Any CPU.Build.0 = Debug|Any CPU
		{35F94A80-F498-4E96-A0A1-64A23E59C73B}.Release|Any CPU.ActiveCfg = Release|Any CPU
		{35F94A80-F498-4E96-A0A1-64A23E59C73B}.Release|Any CPU.Build.0 = Release|Any CPU
	EndGlobalSection
	GlobalSection(SolutionProperties) = preSolution
		HideSolutionNode = FALSE
	EndGlobalSection
	GlobalSection(ExtensibilityGlobals) = postSolution
		SolutionGuid = {F26AB9FB-D2D1-440E-BA8F-06CDF0B2A0B5}
	EndGlobalSection
EndGlobal
